
Microsoft Visual Studio Solution File, Format Version 12.00
# Visual Studio Version 16
VisualStudioVersion = 16.0.33130.400
MinimumVisualStudioVersion = 10.0.40219.1
Project("{8BC9CEB8-8B4A-11D0-8D11-00A0C91BC942}") = "homework2", "homework2.vcxproj", "{38CB9B7E-7D97-44A1-A770-7645301AD7DC}"
EndProject
Global
	GlobalSection(SolutionConfigurationPlatforms) = preSolution
		Debug|ARM = Debug|ARM
		Debug|ARM64 = Debug|ARM64
		Debug|x64 = Debug|x64
		Debug|x86 = Debug|x86
		Release|ARM = Release|ARM
		Release|ARM64 = Release|ARM64
		Release|x64 = Release|x64
		Release|x86 = Release|x86
	EndGlobalSection
	GlobalSection(ProjectConfigurationPlatforms) = postSolution
		{38CB9B7E-7D97-44A1-A770-7645301AD7DC}.Debug|ARM.ActiveCfg = Debug|ARM
		{38CB9B7E-7D97-44A1-A770-7645301AD7DC}.Debug|ARM.Build.0 = Debug|ARM
		{38CB9B7E-7D97-44A1-A770-7645301AD7DC}.Debug|ARM.Deploy.0 = Debug|ARM
		{38CB9B7E-7D97-44A1-A770-7645301AD7DC}.Debug|ARM64.ActiveCfg = Debug|ARM64
		{38CB9B7E-7D97-44A1-A770-7645301AD7DC}.Debug|ARM64.Build.0 = Debug|ARM64
		{38CB9B7E-7D97-44A1-A770-7645301AD7DC}.Debug|ARM64.Deploy.0 = Debug|ARM64
		{38CB9B7E-7D97-44A1-A770-7645301AD7DC}.Debug|x64.ActiveCfg = Debug|x64
		{38CB9B7E-7D97-44A1-A770-7645301AD7DC}.Debug|x64.Build.0 = Debug|x64
		{38CB9B7E-7D97-44A1-A770-7645301AD7DC}.Debug|x64.Deploy.0 = Debug|x64
		{38CB9B7E-7D97-44A1-A770-7645301AD7DC}.Debug|x86.ActiveCfg = Debug|x86
		{38CB9B7E-7D97-44A1-A770-7645301AD7DC}.Debug|x86.Build.0 = Debug|x86
		{38CB9B7E-7D97-44A1-A770-7645301AD7DC}.Debug|x86.Deploy.0 = Debug|x86
		{38CB9B7E-7D97-44A1-A770-7645301AD7DC}.Release|ARM.ActiveCfg = Release|ARM
		{38CB9B7E-7D97-44A1-A770-7645301AD7DC}.Release|ARM.Build.0 = Release|ARM
		{38CB9B7E-7D97-44A1-A770-7645301AD7DC}.Release|ARM.Deploy.0 = Release|ARM
		{38CB9B7E-7D97-44A1-A770-7645301AD7DC}.Release|ARM64.ActiveCfg = Release|ARM64
		{38CB9B7E-7D97-44A1-A770-7645301AD7DC}.Release|ARM64.Build.0 = Release|ARM64
		{38CB9B7E-7D97-44A1-A770-7645301AD7DC}.Release|ARM64.Deploy.0 = Release|ARM64
		{38CB9B7E-7D97-44A1-A770-7645301AD7DC}.Release|x64.ActiveCfg = Release|x64
		{38CB9B7E-7D97-44A1-A770-7645301AD7DC}.Release|x64.Build.0 = Release|x64
		{38CB9B7E-7D97-44A1-A770-7645301AD7DC}.Release|x64.Deploy.0 = Release|x64
		{38CB9B7E-7D97-44A1-A770-7645301AD7DC}.Release|x86.ActiveCfg = Release|x86
		{38CB9B7E-7D97-44A1-A770-7645301AD7DC}.Release|x86.Build.0 = Release|x86
		{38CB9B7E-7D97-44A1-A770-7645301AD7DC}.Release|x86.Deploy.0 = Release|x86
	EndGlobalSection
	GlobalSection(SolutionProperties) = preSolution
		HideSolutionNode = FALSE
	EndGlobalSection
	GlobalSection(ExtensibilityGlobals) = postSolution
		SolutionGuid = {548E8600-B050-4BF2-ADC6-E7551C647AEA}
	EndGlobalSection
EndGlobal
